github.com/BurntSushi/toml v1.2.0 h1:Rt8g24XnyGTyglgET/PRUNlrUeu9F5L+7FilkXfZgs0=
github.com/BurntSushi/toml v1.2.0/go.mod h1:CxXYINrC8qIiEnFrOxCa7Jy5BFHlXnUU2pbicEuybxQ=
github.com/TannerKvarfordt/hfapigo v0.0.4 h1:HDuUoIotKm0hCg7piwc1kQIdGjgDMgFyanMRWPWIFJI=
github.com/TannerKvarfordt/hfapigo v0.0.4/go.mod h1:XKhHnldnhSZNCrRZclWr2D/A/UlEGaQ8OxpM7r8wQpE=
github.com/davecgh/go-spew v1.1.0/go.mod h1:J7Y8YcW2NihsgmVo/mv3lAwl/skON4iLHjSsI+c5H38=
github.com/davecgh/go-spew v1.1.1 h1:vj9j/u1bqnvCEfJOwUhtlOARqs3+rkHYY13jYWTU97c=
github.com/davecgh/go-spew v1.1.1/go.mod h1:J7Y8YcW2NihsgmVo/mv3lAwl/skON4iLHjSsI+c5H38=
github.com/go-telegram-bot-api/telegram-bot-api/v5 v5.5.1 h1:wG8n/XJQ07TmjbITcGiUaOtXxdrINDz1b0J1w0SzqDc=
github.com/go-telegram-bot-api/telegram-bot-api/v5 v5.5.1/go.mod h1:A2S0CWkNylc2phvKXWBBdD3K0iGnDBGbzRpISP2zBl8=
github.com/google/go-cmp v0.5.6 h1:BKbKCqvP6I+rmFHt06ZmyQtvB8xAkWdhFyr0ZUNZcxQ=
github.com/lithammer/fuzzysearch v1.1.5 h1:Ag7aKU08wp0R9QCfF4GoGST9HbmAIeLP7xwMrOBEp1c=
github.com/lithammer/fuzzysearch v1.1.5/go.mod h1:1R1LRNk7yKid1BaQkmuLQaHruxcC4HmAH30Dh61Ih1Q=
github.com/mitchellh/colorstring v0.0.0-20190213212951-d06e56a500db h1:62I3jR2EmQ4l5rM/4FEfDWcRD+abF5XlKShorW5LRoQ=
github.com/mitchellh/colorstring v0.0.0-20190213212951-d06e56a500db/go.mod h1:l0dey0ia/Uv7NcFFVbCLtqEBQbrT4OCwCSKTEv6enCw=
github.com/pmezard/go-difflib v1.0.0 h1:4DBwDE0NGyQoBHbLQYPwSUPoCMWR5BEzIk/f1lZbAQM=
github.com/pmezard/go-difflib v1.0.0/go.mod h1:iKH77koFhYxTK1pcRnkKkqfTogsbg7gZNVY4sRDYZ/4=
github.com/schollz/progressbar/v2 v2.15.0 h1:dVzHQ8fHRmtPjD3K10jT3Qgn/+H+92jhPrhmxIJfDz8=
github.com/schollz/progressbar/v2 v2.15.0/go.mod h1:UdPq3prGkfQ7MOzZKlDRpYKcFqEMczbD7YmbPgpzKMI=
github.com/stretchr/objx v0.1.0/go.mod h1:HFkY916IF+rwdDfMAkV7OtwuqBVzrE8GR6GFx+wExME=
github.com/stretchr/testify v1.3.0 h1:TivCn/peBQ7UY8ooIcPgZFpTNSz0Q2U6UrFlUfqbe0Q=
github.com/stretchr/testify v1.3.0/go.mod h1:M5WIy9Dh21IEIfnGCwXGc5bZfKNJtfHm1UVUgZn+9EI=
golang.org/x/text v0.3.7 h1:olpwvP2KacW1ZWvsR7uQhoyTYvKAupfQrRGBFM352Gk=
golang.org/x/text v0.3.7/go.mod h1:u+2+/6zg+i71rQMx5EYifcz6MCKuco9NR6JIITiCfzQ=
golang.org/x/tools v0.0.0-20180917221912-90fa682c2a6e/go.mod h1:n7NCudcB/nEzxVGmLbDWY5pfWTLqBcC2KZ6jyYvM4mQ=
